{
  "name": "optivideo",
  "lockfileVersion": 3,
  "requires": true,
  "packages": {
    "": {
      "dependencies": {
        "@cloudinary/url-gen": "^1.19.0"
      }
    },
    "node_modules/@cloudinary/transformation-builder-sdk": {
      "version": "1.13.1",
      "resolved": "https://registry.npmjs.org/@cloudinary/transformation-builder-sdk/-/transformation-builder-sdk-1.13.1.tgz",
      "integrity": "sha512-APEOPRoJZF4Z0zOLOi3UVbmb2g3NnhsYlGRhZLL4KadYMEisp26IrPhhw8aP3Luq2QI1KAJBi4aXN23fipDiiQ==",
      "dependencies": {
        "@cloudinary/url-gen": "^1.7.0"
      }
    },
    "node_modules/@cloudinary/url-gen": {
      "version": "1.19.0",
      "resolved": "https://registry.npmjs.org/@cloudinary/url-gen/-/url-gen-1.19.0.tgz",
      "integrity": "sha512-3WSqYAMEe8lcYMFmkNPhOfv6Ql76mpf8O7YEC+CCaoIYrfBubzzeF8yENCaZK9tFJEHvMepI+uWWfilNrz48XA==",
      "dependencies": {
        "@cloudinary/transformation-builder-sdk": "^1.13.0"
      }
    }
  }
}
